
Microsoft Visual Studio Solution File, Format Version 12.00
# Visual Studio 2013
VisualStudioVersion = 12.0.31101.0
MinimumVisualStudioVersion = 10.0.40219.1
Project("{FAE04EC0-301F-11D3-BF4B-00C04F79EFBC}") = "LivescoreRest", "LivescoreRest\LivescoreRest.csproj", "{2DB8BA95-DAAA-467B-90C4-F2BF77CB2FFD}"
EndProject
Project("{FAE04EC0-301F-11D3-BF4B-00C04F79EFBC}") = "LivescoreRest.DataLayer", "LivescoreRest.DataLayer\LivescoreRest.DataLayer.csproj", "{63BA52CD-6CA6-43C1-948F-9A02BD5948F6}"
EndProject
Project("{FAE04EC0-301F-11D3-BF4B-00C04F79EFBC}") = "LivescoreRest.ServiceLayer", "LivescoreRest.ServiceLayer\LivescoreRest.ServiceLayer.csproj", "{53A4C499-B967-4039-91C8-AB1062038C5B}"
EndProject
Project("{FAE04EC0-301F-11D3-BF4B-00C04F79EFBC}") = "Common", "Common\Common.csproj", "{80779CC7-312C-4E14-937C-A63F3FA6DAA6}"
EndProject
Global
	GlobalSection(SolutionConfigurationPlatforms) = preSolution
		Debug|Any CPU = Debug|Any CPU
		Release|Any CPU = Release|Any CPU
	EndGlobalSection
	GlobalSection(ProjectConfigurationPlatforms) = postSolution
		{2DB8BA95-DAAA-467B-90C4-F2BF77CB2FFD}.Debug|Any CPU.ActiveCfg = Debug|Any CPU
		{2DB8BA95-DAAA-467B-90C4-F2BF77CB2FFD}.Debug|Any CPU.Build.0 = Debug|Any CPU
		{2DB8BA95-DAAA-467B-90C4-F2BF77CB2FFD}.Release|Any CPU.ActiveCfg = Release|Any CPU
		{2DB8BA95-DAAA-467B-90C4-F2BF77CB2FFD}.Release|Any CPU.Build.0 = Release|Any CPU
		{63BA52CD-6CA6-43C1-948F-9A02BD5948F6}.Debug|Any CPU.ActiveCfg = Debug|Any CPU
		{63BA52CD-6CA6-43C1-948F-9A02BD5948F6}.Debug|Any CPU.Build.0 = Debug|Any CPU
		{63BA52CD-6CA6-43C1-948F-9A02BD5948F6}.Release|Any CPU.ActiveCfg = Release|Any CPU
		{63BA52CD-6CA6-43C1-948F-9A02BD5948F6}.Release|Any CPU.Build.0 = Release|Any CPU
		{53A4C499-B967-4039-91C8-AB1062038C5B}.Debug|Any CPU.ActiveCfg = Debug|Any CPU
		{53A4C499-B967-4039-91C8-AB1062038C5B}.Debug|Any CPU.Build.0 = Debug|Any CPU
		{53A4C499-B967-4039-91C8-AB1062038C5B}.Release|Any CPU.ActiveCfg = Release|Any CPU
		{53A4C499-B967-4039-91C8-AB1062038C5B}.Release|Any CPU.Build.0 = Release|Any CPU
		{80779CC7-312C-4E14-937C-A63F3FA6DAA6}.Debug|Any CPU.ActiveCfg = Debug|Any CPU
		{80779CC7-312C-4E14-937C-A63F3FA6DAA6}.Debug|Any CPU.Build.0 = Debug|Any CPU
		{80779CC7-312C-4E14-937C-A63F3FA6DAA6}.Release|Any CPU.ActiveCfg = Release|Any CPU
		{80779CC7-312C-4E14-937C-A63F3FA6DAA6}.Release|Any CPU.Build.0 = Release|Any CPU
	EndGlobalSection
	GlobalSection(SolutionProperties) = preSolution
		HideSolutionNode = FALSE
	EndGlobalSection
EndGlobal
